
Microsoft Visual Studio Solution File, Format Version 12.00
# Visual Studio Version 17
VisualStudioVersion = 17.0.31903.59
MinimumVisualStudioVersion = 10.0.40219.1
Project("{FAE04EC0-301F-11D3-BF4B-00C04F79EFBC}") = "BuberDinner.Api", "BuberDinner.Api\BuberDinner.Api.csproj", "{7BEBB6A5-6B35-4253-9244-5CF0A1DCCDF5}"
EndProject
Project("{FAE04EC0-301F-11D3-BF4B-00C04F79EFBC}") = "BuberDinner.Application", "BuberDinner.Application\BuberDinner.Application.csproj", "{A133DC2F-67C2-4A19-942A-E57D69845FF1}"
EndProject
Project("{FAE04EC0-301F-11D3-BF4B-00C04F79EFBC}") = "BuberDinner.Contracts", "BuberDinner.Contracts\BuberDinner.Contracts.csproj", "{F496E8C7-F9D5-47D7-9ED3-9EB2C4635779}"
EndProject
Project("{FAE04EC0-301F-11D3-BF4B-00C04F79EFBC}") = "BuberDinner.Domain", "BuberDinner.Domain\BuberDinner.Domain.csproj", "{E9BD3A8A-42A4-404C-8DF3-97B4F0E35DC1}"
EndProject
Project("{FAE04EC0-301F-11D3-BF4B-00C04F79EFBC}") = "BuberDinner.Infrastructure", "BuberDinner.Infrastructure\BuberDinner.Infrastructure.csproj", "{BC269FF5-F0C1-4FED-A6CD-3D83DFFE9152}"
EndProject
Global
	GlobalSection(SolutionConfigurationPlatforms) = preSolution
		Debug|Any CPU = Debug|Any CPU
		Release|Any CPU = Release|Any CPU
	EndGlobalSection
	GlobalSection(SolutionProperties) = preSolution
		HideSolutionNode = FALSE
	EndGlobalSection
	GlobalSection(ProjectConfigurationPlatforms) = postSolution
		{7BEBB6A5-6B35-4253-9244-5CF0A1DCCDF5}.Debug|Any CPU.ActiveCfg = Debug|Any CPU
		{7BEBB6A5-6B35-4253-9244-5CF0A1DCCDF5}.Debug|Any CPU.Build.0 = Debug|Any CPU
		{7BEBB6A5-6B35-4253-9244-5CF0A1DCCDF5}.Release|Any CPU.ActiveCfg = Release|Any CPU
		{7BEBB6A5-6B35-4253-9244-5CF0A1DCCDF5}.Release|Any CPU.Build.0 = Release|Any CPU
		{A133DC2F-67C2-4A19-942A-E57D69845FF1}.Debug|Any CPU.ActiveCfg = Debug|Any CPU
		{A133DC2F-67C2-4A19-942A-E57D69845FF1}.Debug|Any CPU.Build.0 = Debug|Any CPU
		{A133DC2F-67C2-4A19-942A-E57D69845FF1}.Release|Any CPU.ActiveCfg = Release|Any CPU
		{A133DC2F-67C2-4A19-942A-E57D69845FF1}.Release|Any CPU.Build.0 = Release|Any CPU
		{F496E8C7-F9D5-47D7-9ED3-9EB2C4635779}.Debug|Any CPU.ActiveCfg = Debug|Any CPU
		{F496E8C7-F9D5-47D7-9ED3-9EB2C4635779}.Debug|Any CPU.Build.0 = Debug|Any CPU
		{F496E8C7-F9D5-47D7-9ED3-9EB2C4635779}.Release|Any CPU.ActiveCfg = Release|Any CPU
		{F496E8C7-F9D5-47D7-9ED3-9EB2C4635779}.Release|Any CPU.Build.0 = Release|Any CPU
		{E9BD3A8A-42A4-404C-8DF3-97B4F0E35DC1}.Debug|Any CPU.ActiveCfg = Debug|Any CPU
		{E9BD3A8A-42A4-404C-8DF3-97B4F0E35DC1}.Debug|Any CPU.Build.0 = Debug|Any CPU
		{E9BD3A8A-42A4-404C-8DF3-97B4F0E35DC1}.Release|Any CPU.ActiveCfg = Release|Any CPU
		{E9BD3A8A-42A4-404C-8DF3-97B4F0E35DC1}.Release|Any CPU.Build.0 = Release|Any CPU
		{BC269FF5-F0C1-4FED-A6CD-3D83DFFE9152}.Debug|Any CPU.ActiveCfg = Debug|Any CPU
		{BC269FF5-F0C1-4FED-A6CD-3D83DFFE9152}.Debug|Any CPU.Build.0 = Debug|Any CPU
		{BC269FF5-F0C1-4FED-A6CD-3D83DFFE9152}.Release|Any CPU.ActiveCfg = Release|Any CPU
		{BC269FF5-F0C1-4FED-A6CD-3D83DFFE9152}.Release|Any CPU.Build.0 = Release|Any CPU
	EndGlobalSection
EndGlobal
